# This file is autogenerated, do not edit; changes may be undone by the next 'dep ensure'.


[[projects]]
  branch = "master"
  digest = "1:c379af32262772b39e68852dec09b9e63985de045d76e4099813c6ab3f583824"
  name = "github.com/scorredoira/email"
  packages = ["."]
  pruneopts = "UT"
  revision = "dc7b732c55da04e6bd0f059b34a198f1d4eaf059"

[solve-meta]
  analyzer-name = "dep"
  analyzer-version = 1
  input-imports = ["github.com/scorredoira/email"]
  solver-name = "gps-cdcl"
  solver-version = 1
